// !$*UTF8*$!
{
	archiveVersion = 1;
	classes = {
	};
	objectVersion = 48;
	objects = {

/* Begin PBXBuildFile section */
		256BDAED1FB79FD40088E616 /* GoogleService-Info.plist in Resources */ = {isa = PBXBuildFile; fileRef = 256BDAEC1FB79FD30088E616 /* GoogleService-Info.plist */; };
		4B9A12D55BE007299DB1FA7F /* Pods_scarlethackTests.framework in Frameworks */ = {isa = PBXBuildFile; fileRef = 7D2B2936B93F6ECB8934B7B6 /* Pods_scarlethackTests.framework */; };
		9E04DFA5FC2CCD17CFBDED3C /* Pods_scarlethack.framework in Frameworks */ = {isa = PBXBuildFile; fileRef = 217FC9B8E03D072D3729882B /* Pods_scarlethack.framework */; };
		B8B4D59BDE939A3F649530A0 /* Pods_scarlethackUITests.framework in Frameworks */ = {isa = PBXBuildFile; fileRef = 35E2356634FC28AA1E4A4D82 /* Pods_scarlethackUITests.framework */; };
		BDFD57F71FB79ABA00EFF794 /* AppDelegate.swift in Sources */ = {isa = PBXBuildFile; fileRef = BDFD57F61FB79ABA00EFF794 /* AppDelegate.swift */; };
		BDFD57F91FB79ABA00EFF794 /* ViewController.swift in Sources */ = {isa = PBXBuildFile; fileRef = BDFD57F81FB79ABA00EFF794 /* ViewController.swift */; };
		BDFD57FC1FB79ABA00EFF794 /* Main.storyboard in Resources */ = {isa = PBXBuildFile; fileRef = BDFD57FA1FB79ABA00EFF794 /* Main.storyboard */; };
		BDFD57FE1FB79ABA00EFF794 /* Assets.xcassets in Resources */ = {isa = PBXBuildFile; fileRef = BDFD57FD1FB79ABA00EFF794 /* Assets.xcassets */; };
		BDFD58011FB79ABA00EFF794 /* LaunchScreen.storyboard in Resources */ = {isa = PBXBuildFile; fileRef = BDFD57FF1FB79ABA00EFF794 /* LaunchScreen.storyboard */; };
		BDFD580C1FB79ABA00EFF794 /* scarlethackTests.swift in Sources */ = {isa = PBXBuildFile; fileRef = BDFD580B1FB79ABA00EFF794 /* scarlethackTests.swift */; };
		BDFD58171FB79ABA00EFF794 /* scarlethackUITests.swift in Sources */ = {isa = PBXBuildFile; fileRef = BDFD58161FB79ABA00EFF794 /* scarlethackUITests.swift */; };
/* End PBXBuildFile section */

/* Begin PBXContainerItemProxy section */
		BDFD58081FB79ABA00EFF794 /* PBXContainerItemProxy */ = {
			isa = PBXContainerItemProxy;
			containerPortal = BDFD57EB1FB79ABA00EFF794 /* Project object */;
			proxyType = 1;
			remoteGlobalIDString = BDFD57F21FB79ABA00EFF794;
			remoteInfo = scarlethack;
		};
		BDFD58131FB79ABA00EFF794 /* PBXContainerItemProxy */ = {
			isa = PBXContainerItemProxy;
			containerPortal = BDFD57EB1FB79ABA00EFF794 /* Project object */;
			proxyType = 1;
			remoteGlobalIDString = BDFD57F21FB79ABA00EFF794;
			remoteInfo = scarlethack;
		};
/* End PBXContainerItemProxy section */

/* Begin PBXFileReference section */
		0CA053355F074AE6E88906AC /* Pods-scarlethackTests.release.xcconfig */ = {isa = PBXFileReference; includeInIndex = 1; lastKnownFileType = text.xcconfig; name = "Pods-scarlethackTests.release.xcconfig"; path = "Pods/Target Support Files/Pods-scarlethackTests/Pods-scarlethackTests.release.xcconfig"; sourceTree = "<group>"; };
		217FC9B8E03D072D3729882B /* Pods_scarlethack.framework */ = {isa = PBXFileReference; explicitFileType = wrapper.framework; includeInIndex = 0; path = Pods_scarlethack.framework; sourceTree = BUILT_PRODUCTS_DIR; };
		21ED543201D1BD157AF9042A /* Pods-scarlethack.release.xcconfig */ = {isa = PBXFileReference; includeInIndex = 1; lastKnownFileType = text.xcconfig; name = "Pods-scarlethack.release.xcconfig"; path = "Pods/Target Support Files/Pods-scarlethack/Pods-scarlethack.release.xcconfig"; sourceTree = "<group>"; };
		256BDAEC1FB79FD30088E616 /* GoogleService-Info.plist */ = {isa = PBXFileReference; fileEncoding = 4; lastKnownFileType = text.plist.xml; path = "GoogleService-Info.plist"; sourceTree = "<group>"; };
		35E2356634FC28AA1E4A4D82 /* Pods_scarlethackUITests.framework */ = {isa = PBXFileReference; explicitFileType = wrapper.framework; includeInIndex = 0; path = Pods_scarlethackUITests.framework; sourceTree = BUILT_PRODUCTS_DIR; };
		4C7843A1D7B40C7990849AC5 /* Pods-scarlethackTests.debug.xcconfig */ = {isa = PBXFileReference; includeInIndex = 1; lastKnownFileType = text.xcconfig; name = "Pods-scarlethackTests.debug.xcconfig"; path = "Pods/Target Support Files/Pods-scarlethackTests/Pods-scarlethackTests.debug.xcconfig"; sourceTree = "<group>"; };
		7D2B2936B93F6ECB8934B7B6 /* Pods_scarlethackTests.framework */ = {isa = PBXFileReference; explicitFileType = wrapper.framework; includeInIndex = 0; path = Pods_scarlethackTests.framework; sourceTree = BUILT_PRODUCTS_DIR; };
		9A7351DDA3704D64C8B503E4 /* Pods-scarlethack.debug.xcconfig */ = {isa = PBXFileReference; includeInIndex = 1; lastKnownFileType = text.xcconfig; name = "Pods-scarlethack.debug.xcconfig"; path = "Pods/Target Support Files/Pods-scarlethack/Pods-scarlethack.debug.xcconfig"; sourceTree = "<group>"; };
		A15623010E825BA774421032 /* Pods-scarlethackUITests.release.xcconfig */ = {isa = PBXFileReference; includeInIndex = 1; lastKnownFileType = text.xcconfig; name = "Pods-scarlethackUITests.release.xcconfig"; path = "Pods/Target Support Files/Pods-scarlethackUITests/Pods-scarlethackUITests.release.xcconfig"; sourceTree = "<group>"; };
		BDFD57F31FB79ABA00EFF794 /* scarlethack.app */ = {isa = PBXFileReference; explicitFileType = wrapper.application; includeInIndex = 0; path = scarlethack.app; sourceTree = BUILT_PRODUCTS_DIR; };
		BDFD57F61FB79ABA00EFF794 /* AppDelegate.swift */ = {isa = PBXFileReference; lastKnownFileType = sourcecode.swift; path = AppDelegate.swift; sourceTree = "<group>"; };
		BDFD57F81FB79ABA00EFF794 /* ViewController.swift */ = {isa = PBXFileReference; lastKnownFileType = sourcecode.swift; path = ViewController.swift; sourceTree = "<group>"; };
		BDFD57FB1FB79ABA00EFF794 /* Base */ = {isa = PBXFileReference; lastKnownFileType = file.storyboard; name = Base; path = Base.lproj/Main.storyboard; sourceTree = "<group>"; };
		BDFD57FD1FB79ABA00EFF794 /* Assets.xcassets */ = {isa = PBXFileReference; lastKnownFileType = folder.assetcatalog; path = Assets.xcassets; sourceTree = "<group>"; };
		BDFD58001FB79ABA00EFF794 /* Base */ = {isa = PBXFileReference; lastKnownFileType = file.storyboard; name = Base; path = Base.lproj/LaunchScreen.storyboard; sourceTree = "<group>"; };
		BDFD58021FB79ABA00EFF794 /* Info.plist */ = {isa = PBXFileReference; lastKnownFileType = text.plist.xml; path = Info.plist; sourceTree = "<group>"; };
		BDFD58071FB79ABA00EFF794 /* scarlethackTests.xctest */ = {isa = PBXFileReference; explicitFileType = wrapper.cfbundle; includeInIndex = 0; path = scarlethackTests.xctest; sourceTree = BUILT_PRODUCTS_DIR; };
		BDFD580B1FB79ABA00EFF794 /* scarlethackTests.swift */ = {isa = PBXFileReference; lastKnownFileType = sourcecode.swift; path = scarlethackTests.swift; sourceTree = "<group>"; };
		BDFD580D1FB79ABA00EFF794 /* Info.plist */ = {isa = PBXFileReference; lastKnownFileType = text.plist.xml; path = Info.plist; sourceTree = "<group>"; };
		BDFD58121FB79ABA00EFF794 /* scarlethackUITests.xctest */ = {isa = PBXFileReference; explicitFileType = wrapper.cfbundle; includeInIndex = 0; path = scarlethackUITests.xctest; sourceTree = BUILT_PRODUCTS_DIR; };
		BDFD58161FB79ABA00EFF794 /* scarlethackUITests.swift */ = {isa = PBXFileReference; lastKnownFileType = sourcecode.swift; path = scarlethackUITests.swift; sourceTree = "<group>"; };
		BDFD58181FB79ABA00EFF794 /* Info.plist */ = {isa = PBXFileReference; lastKnownFileType = text.plist.xml; path = Info.plist; sourceTree = "<group>"; };
		E9A1275FC03415775BE74284 /* Pods-scarlethackUITests.debug.xcconfig */ = {isa = PBXFileReference; includeInIndex = 1; lastKnownFileType = text.xcconfig; name = "Pods-scarlethackUITests.debug.xcconfig"; path = "Pods/Target Support Files/Pods-scarlethackUITests/Pods-scarlethackUITests.debug.xcconfig"; sourceTree = "<group>"; };
/* End PBXFileReference section */

/* Begin PBXFrameworksBuildPhase section */
		BDFD57F01FB79ABA00EFF794 /* Frameworks */ = {
			isa = PBXFrameworksBuildPhase;
			buildActionMask = 2147483647;
			files = (
				9E04DFA5FC2CCD17CFBDED3C /* Pods_scarlethack.framework in Frameworks */,
			);
			runOnlyForDeploymentPostprocessing = 0;
		};
		BDFD58041FB79ABA00EFF794 /* Frameworks */ = {
			isa = PBXFrameworksBuildPhase;
			buildActionMask = 2147483647;
			files = (
				4B9A12D55BE007299DB1FA7F /* Pods_scarlethackTests.framework in Frameworks */,
			);
			runOnlyForDeploymentPostprocessing = 0;
		};
		BDFD580F1FB79ABA00EFF794 /* Frameworks */ = {
			isa = PBXFrameworksBuildPhase;
			buildActionMask = 2147483647;
			files = (
				B8B4D59BDE939A3F649530A0 /* Pods_scarlethackUITests.framework in Frameworks */,
			);
			runOnlyForDeploymentPostprocessing = 0;
		};
/* End PBXFrameworksBuildPhase section */

/* Begin PBXGroup section */
		61C0D52307C82330A342315A /* Pods */ = {
			isa = PBXGroup;
			children = (
				9A7351DDA3704D64C8B503E4 /* Pods-scarlethack.debug.xcconfig */,
				21ED543201D1BD157AF9042A /* Pods-scarlethack.release.xcconfig */,
				4C7843A1D7B40C7990849AC5 /* Pods-scarlethackTests.debug.xcconfig */,
				0CA053355F074AE6E88906AC /* Pods-scarlethackTests.release.xcconfig */,
				E9A1275FC03415775BE74284 /* Pods-scarlethackUITests.debug.xcconfig */,
				A15623010E825BA774421032 /* Pods-scarlethackUITests.release.xcconfig */,
			);
			name = Pods;
			sourceTree = "<group>";
		};
		BDFD57EA1FB79ABA00EFF794 = {
			isa = PBXGroup;
			children = (
				BDFD57F51FB79ABA00EFF794 /* scarlethack */,
				BDFD580A1FB79ABA00EFF794 /* scarlethackTests */,
				BDFD58151FB79ABA00EFF794 /* scarlethackUITests */,
				BDFD57F41FB79ABA00EFF794 /* Products */,
				61C0D52307C82330A342315A /* Pods */,
				EF4C20497ACD8AE0895D614B /* Frameworks */,
			);
			sourceTree = "<group>";
		};
		BDFD57F41FB79ABA00EFF794 /* Products */ = {
			isa = PBXGroup;
			children = (
				BDFD57F31FB79ABA00EFF794 /* scarlethack.app */,
				BDFD58071FB79ABA00EFF794 /* scarlethackTests.xctest */,
				BDFD58121FB79ABA00EFF794 /* scarlethackUITests.xctest */,
			);
			name = Products;
			sourceTree = "<group>";
		};
		BDFD57F51FB79ABA00EFF794 /* scarlethack */ = {
			isa = PBXGroup;
			children = (
				256BDAEC1FB79FD30088E616 /* GoogleService-Info.plist */,
				BDFD57F61FB79ABA00EFF794 /* AppDelegate.swift */,
				BDFD57F81FB79ABA00EFF794 /* ViewController.swift */,
				BDFD57FA1FB79ABA00EFF794 /* Main.storyboard */,
				BDFD57FD1FB79ABA00EFF794 /* Assets.xcassets */,
				BDFD57FF1FB79ABA00EFF794 /* LaunchScreen.storyboard */,
				BDFD58021FB79ABA00EFF794 /* Info.plist */,
			);
			path = scarlethack;
			sourceTree = "<group>";
		};
		BDFD580A1FB79ABA00EFF794 /* scarlethackTests */ = {
			isa = PBXGroup;
			children = (
				BDFD580B1FB79ABA00EFF794 /* scarlethackTests.swift */,
				BDFD580D1FB79ABA00EFF794 /* Info.plist */,
			);
			path = scarlethackTests;
			sourceTree = "<group>";
		};
		BDFD58151FB79ABA00EFF794 /* scarlethackUITests */ = {
			isa = PBXGroup;
			children = (
				BDFD58161FB79ABA00EFF794 /* scarlethackUITests.swift */,
				BDFD58181FB79ABA00EFF794 /* Info.plist */,
			);
			path = scarlethackUITests;
			sourceTree = "<group>";
		};
		EF4C20497ACD8AE0895D614B /* Frameworks */ = {
			isa = PBXGroup;
			children = (
				217FC9B8E03D072D3729882B /* Pods_scarlethack.framework */,
				7D2B2936B93F6ECB8934B7B6 /* Pods_scarlethackTests.framework */,
				35E2356634FC28AA1E4A4D82 /* Pods_scarlethackUITests.framework */,
			);
			name = Frameworks;
			sourceTree = "<group>";
		};
/* End PBXGroup section */

/* Begin PBXNativeTarget section */
		BDFD57F21FB79ABA00EFF794 /* scarlethack */ = {
			isa = PBXNativeTarget;
			buildConfigurationList = BDFD581B1FB79ABA00EFF794 /* Build configuration list for PBXNativeTarget "scarlethack" */;
			buildPhases = (
				8ABA41B6BFAAC60734B0A161 /* [CP] Check Pods Manifest.lock */,
				BDFD57EF1FB79ABA00EFF794 /* Sources */,
				BDFD57F01FB79ABA00EFF794 /* Frameworks */,
				BDFD57F11FB79ABA00EFF794 /* Resources */,
				2526D8E6F69538B5284BA891 /* [CP] Embed Pods Frameworks */,
				1A63917127934F20CF6DF22A /* [CP] Copy Pods Resources */,
			);
			buildRules = (
			);
			dependencies = (
			);
			name = scarlethack;
			productName = scarlethack;
			productReference = BDFD57F31FB79ABA00EFF794 /* scarlethack.app */;
			productType = "com.apple.product-type.application";
		};
		BDFD58061FB79ABA00EFF794 /* scarlethackTests */ = {
			isa = PBXNativeTarget;
			buildConfigurationList = BDFD581E1FB79ABA00EFF794 /* Build configuration list for PBXNativeTarget "scarlethackTests" */;
			buildPhases = (
				E2E77F39B41C14CCCEBF3EFB /* [CP] Check Pods Manifest.lock */,
				BDFD58031FB79ABA00EFF794 /* Sources */,
				BDFD58041FB79ABA00EFF794 /* Frameworks */,
				BDFD58051FB79ABA00EFF794 /* Resources */,
				CE5D7814A719D04060BC56B7 /* [CP] Embed Pods Frameworks */,
				0CC88C27C70BC8B2428488C1 /* [CP] Copy Pods Resources */,
			);
			buildRules = (
			);
			dependencies = (
				BDFD58091FB79ABA00EFF794 /* PBXTargetDependency */,
			);
			name = scarlethackTests;
			productName = scarlethackTests;
			productReference = BDFD58071FB79ABA00EFF794 /* scarlethackTests.xctest */;
			productType = "com.apple.product-type.bundle.unit-test";
		};
		BDFD58111FB79ABA00EFF794 /* scarlethackUITests */ = {
			isa = PBXNativeTarget;
			buildConfigurationList = BDFD58211FB79ABA00EFF794 /* Build configuration list for PBXNativeTarget "scarlethackUITests" */;
			buildPhases = (
				CB5B803C73D67564CD5594DB /* [CP] Check Pods Manifest.lock */,
				BDFD580E1FB79ABA00EFF794 /* Sources */,
				BDFD580F1FB79ABA00EFF794 /* Frameworks */,
				BDFD58101FB79ABA00EFF794 /* Resources */,
				880C51D31263C8E105F384D7 /* [CP] Embed Pods Frameworks */,
				ADA58815FBF5D8A90F5628E8 /* [CP] Copy Pods Resources */,
			);
			buildRules = (
			);
			dependencies = (
				BDFD58141FB79ABA00EFF794 /* PBXTargetDependency */,
			);
			name = scarlethackUITests;
			productName = scarlethackUITests;
			productReference = BDFD58121FB79ABA00EFF794 /* scarlethackUITests.xctest */;
			productType = "com.apple.product-type.bundle.ui-testing";
		};
/* End PBXNativeTarget section */

/* Begin PBXProject section */
		BDFD57EB1FB79ABA00EFF794 /* Project object */ = {
			isa = PBXProject;
			attributes = {
				LastSwiftUpdateCheck = 0910;
				LastUpgradeCheck = 0910;
				ORGANIZATIONNAME = zb;
				TargetAttributes = {
					BDFD57F21FB79ABA00EFF794 = {
						CreatedOnToolsVersion = 9.1;
						ProvisioningStyle = Automatic;
					};
					BDFD58061FB79ABA00EFF794 = {
						CreatedOnToolsVersion = 9.1;
						ProvisioningStyle = Automatic;
						TestTargetID = BDFD57F21FB79ABA00EFF794;
					};
					BDFD58111FB79ABA00EFF794 = {
						CreatedOnToolsVersion = 9.1;
						ProvisioningStyle = Automatic;
						TestTargetID = BDFD57F21FB79ABA00EFF794;
					};
				};
			};
			buildConfigurationList = BDFD57EE1FB79ABA00EFF794 /* Build configuration list for PBXProject "scarlethack" */;
			compatibilityVersion = "Xcode 8.0";
			developmentRegion = en;
			hasScannedForEncodings = 0;
			knownRegions = (
				en,
				Base,
			);
			mainGroup = BDFD57EA1FB79ABA00EFF794;
			productRefGroup = BDFD57F41FB79ABA00EFF794 /* Products */;
			projectDirPath = "";
			projectRoot = "";
			targets = (
				BDFD57F21FB79ABA00EFF794 /* scarlethack */,
				BDFD58061FB79ABA00EFF794 /* scarlethackTests */,
				BDFD58111FB79ABA00EFF794 /* scarlethackUITests */,
			);
		};
/* End PBXProject section */

/* Begin PBXResourcesBuildPhase section */
		BDFD57F11FB79ABA00EFF794 /* Resources */ = {
			isa = PBXResourcesBuildPhase;
			buildActionMask = 2147483647;
			files = (
				BDFD58011FB79ABA00EFF794 /* LaunchScreen.storyboard in Resources */,
				BDFD57FE1FB79ABA00EFF794 /* Assets.xcassets in Resources */,
				256BDAED1FB79FD40088E616 /* GoogleService-Info.plist in Resources */,
				BDFD57FC1FB79ABA00EFF794 /* Main.storyboard in Resources */,
			);
			runOnlyForDeploymentPostprocessing = 0;
		};
		BDFD58051FB79ABA00EFF794 /* Resources */ = {
			isa = PBXResourcesBuildPhase;
			buildActionMask = 2147483647;
			files = (
			);
			runOnlyForDeploymentPostprocessing = 0;
		};
		BDFD58101FB79ABA00EFF794 /* Resources */ = {
			isa = PBXResourcesBuildPhase;
			buildActionMask = 2147483647;
			files = (
			);
			runOnlyForDeploymentPostprocessing = 0;
		};
/* End PBXResourcesBuildPhase section */

/* Begin PBXShellScriptBuildPhase section */
		0CC88C27C70BC8B2428488C1 /* [CP] Copy Pods Resources */ = {
			isa = PBXShellScriptBuildPhase;
			buildActionMask = 2147483647;
			files = (
			);
			inputPaths = (
			);
			name = "[CP] Copy Pods Resources";
			outputPaths = (
			);
			runOnlyForDeploymentPostprocessing = 0;
			shellPath = /bin/sh;
			shellScript = "\"${SRCROOT}/Pods/Target Support Files/Pods-scarlethackTests/Pods-scarlethackTests-resources.sh\"\n";
			showEnvVarsInLog = 0;
		};
		1A63917127934F20CF6DF22A /* [CP] Copy Pods Resources */ = {
			isa = PBXShellScriptBuildPhase;
			buildActionMask = 2147483647;
			files = (
			);
			inputPaths = (
				"${SRCROOT}/Pods/Target Support Files/Pods-scarlethack/Pods-scarlethack-resources.sh",
				"${PODS_ROOT}/GoogleSignIn/Resources/GoogleSignIn.bundle",
			);
			name = "[CP] Copy Pods Resources";
			outputPaths = (
				"${TARGET_BUILD_DIR}/${UNLOCALIZED_RESOURCES_FOLDER_PATH}",
			);
			runOnlyForDeploymentPostprocessing = 0;
			shellPath = /bin/sh;
			shellScript = "\"${SRCROOT}/Pods/Target Support Files/Pods-scarlethack/Pods-scarlethack-resources.sh\"\n";
			showEnvVarsInLog = 0;
		};
		2526D8E6F69538B5284BA891 /* [CP] Embed Pods Frameworks */ = {
			isa = PBXShellScriptBuildPhase;
			buildActionMask = 2147483647;
			files = (
			);
			inputPaths = (
				"${SRCROOT}/Pods/Target Support Files/Pods-scarlethack/Pods-scarlethack-frameworks.sh",
				"${BUILT_PRODUCTS_DIR}/GTMOAuth2/GTMOAuth2.framework",
				"${BUILT_PRODUCTS_DIR}/GTMSessionFetcher/GTMSessionFetcher.framework",
				"${BUILT_PRODUCTS_DIR}/GoogleToolboxForMac-f0850809/GoogleToolboxForMac.framework",
			);
			name = "[CP] Embed Pods Frameworks";
			outputPaths = (
				"${TARGET_BUILD_DIR}/${FRAMEWORKS_FOLDER_PATH}/GTMOAuth2.framework",
				"${TARGET_BUILD_DIR}/${FRAMEWORKS_FOLDER_PATH}/GTMSessionFetcher.framework",
				"${TARGET_BUILD_DIR}/${FRAMEWORKS_FOLDER_PATH}/GoogleToolboxForMac.framework",
			);
			runOnlyForDeploymentPostprocessing = 0;
			shellPath = /bin/sh;
			shellScript = "\"${SRCROOT}/Pods/Target Support Files/Pods-scarlethack/Pods-scarlethack-frameworks.sh\"\n";
			showEnvVarsInLog = 0;
		};
		880C51D31263C8E105F384D7 /* [CP] Embed Pods Frameworks */ = {
			isa = PBXShellScriptBuildPhase;
			buildActionMask = 2147483647;
			files = (
			);
			inputPaths = (
			);
			name = "[CP] Embed Pods Frameworks";
			outputPaths = (
			);
			runOnlyForDeploymentPostprocessing = 0;
			shellPath = /bin/sh;
			shellScript = "\"${SRCROOT}/Pods/Target Support Files/Pods-scarlethackUITests/Pods-scarlethackUITests-frameworks.sh\"\n";
			showEnvVarsInLog = 0;
		};
		8ABA41B6BFAAC60734B0A161 /* [CP] Check Pods Manifest.lock */ = {
			isa = PBXShellScriptBuildPhase;
			buildActionMask = 2147483647;
			files = (
			);
			inputPaths = (
				"${PODS_PODFILE_DIR_PATH}/Podfile.lock",
				"${PODS_ROOT}/Manifest.lock",
			);
			name = "[CP] Check Pods Manifest.lock";
			outputPaths = (
				"$(DERIVED_FILE_DIR)/Pods-scarlethack-checkManifestLockResult.txt",
			);
			runOnlyForDeploymentPostprocessing = 0;
			shellPath = /bin/sh;
			shellScript = "diff \"${PODS_PODFILE_DIR_PATH}/Podfile.lock\" \"${PODS_ROOT}/Manifest.lock\" > /dev/null\nif [ $? != 0 ] ; then\n    # print error to STDERR\n    echo \"error: The sandbox is not in sync with the Podfile.lock. Run 'pod install' or update your CocoaPods installation.\" >&2\n    exit 1\nfi\n# This output is used by Xcode 'outputs' to avoid re-running this script phase.\necho \"SUCCESS\" > \"${SCRIPT_OUTPUT_FILE_0}\"\n";
			showEnvVarsInLog = 0;
		};
		ADA58815FBF5D8A90F5628E8 /* [CP] Copy Pods Resources */ = {
			isa = PBXShellScriptBuildPhase;
			buildActionMask = 2147483647;
			files = (
			);
			inputPaths = (
			);
			name = "[CP] Copy Pods Resources";
			outputPaths = (
			);
			runOnlyForDeploymentPostprocessing = 0;
			shellPath = /bin/sh;
			shellScript = "\"${SRCROOT}/Pods/Target Support Files/Pods-scarlethackUITests/Pods-scarlethackUITests-resources.sh\"\n";
			showEnvVarsInLog = 0;
		};
		CB5B803C73D67564CD5594DB /* [CP] Check Pods Manifest.lock */ = {
			isa = PBXShellScriptBuildPhase;
			buildActionMask = 2147483647;
			files = (
			);
			inputPaths = (
				"${PODS_PODFILE_DIR_PATH}/Podfile.lock",
				"${PODS_ROOT}/Manifest.lock",
			);
			name = "[CP] Check Pods Manifest.lock";
			outputPaths = (
				"$(DERIVED_FILE_DIR)/Pods-scarlethackUITests-checkManifestLockResult.txt",
			);
			runOnlyForDeploymentPostprocessing = 0;
			shellPath = /bin/sh;
			shellScript = "diff \"${PODS_PODFILE_DIR_PATH}/Podfile.lock\" \"${PODS_ROOT}/Manifest.lock\" > /dev/null\nif [ $? != 0 ] ; then\n    # print error to STDERR\n    echo \"error: The sandbox is not in sync with the Podfile.lock. Run 'pod install' or update your CocoaPods installation.\" >&2\n    exit 1\nfi\n# This output is used by Xcode 'outputs' to avoid re-running this script phase.\necho \"SUCCESS\" > \"${SCRIPT_OUTPUT_FILE_0}\"\n";
			showEnvVarsInLog = 0;
		};
		CE5D7814A719D04060BC56B7 /* [CP] Embed Pods Frameworks */ = {
			isa = PBXShellScriptBuildPhase;
			buildActionMask = 2147483647;
			files = (
			);
			inputPaths = (
				"${SRCROOT}/Pods/Target Support Files/Pods-scarlethackTests/Pods-scarlethackTests-frameworks.sh",
				"${BUILT_PRODUCTS_DIR}/GoogleToolboxForMac-Defines-NSData+zlib/GoogleToolboxForMac.framework",
			);
			name = "[CP] Embed Pods Frameworks";
			outputPaths = (
				"${TARGET_BUILD_DIR}/${FRAMEWORKS_FOLDER_PATH}/GoogleToolboxForMac.framework",
			);
			runOnlyForDeploymentPostprocessing = 0;
			shellPath = /bin/sh;
			shellScript = "\"${SRCROOT}/Pods/Target Support Files/Pods-scarlethackTests/Pods-scarlethackTests-frameworks.sh\"\n";
			showEnvVarsInLog = 0;
		};
		E2E77F39B41C14CCCEBF3EFB /* [CP] Check Pods Manifest.lock */ = {
			isa = PBXShellScriptBuildPhase;
			buildActionMask = 2147483647;
			files = (
			);
			inputPaths = (
				"${PODS_PODFILE_DIR_PATH}/Podfile.lock",
				"${PODS_ROOT}/Manifest.lock",
			);
			name = "[CP] Check Pods Manifest.lock";
			outputPaths = (
				"$(DERIVED_FILE_DIR)/Pods-scarlethackTests-checkManifestLockResult.txt",
			);
			runOnlyForDeploymentPostprocessing = 0;
			shellPath = /bin/sh;
			shellScript = "diff \"${PODS_PODFILE_DIR_PATH}/Podfile.lock\" \"${PODS_ROOT}/Manifest.lock\" > /dev/null\nif [ $? != 0 ] ; then\n    # print error to STDERR\n    echo \"error: The sandbox is not in sync with the Podfile.lock. Run 'pod install' or update your CocoaPods installation.\" >&2\n    exit 1\nfi\n# This output is used by Xcode 'outputs' to avoid re-running this script phase.\necho \"SUCCESS\" > \"${SCRIPT_OUTPUT_FILE_0}\"\n";
			showEnvVarsInLog = 0;
		};
/* End PBXShellScriptBuildPhase section */

/* Begin PBXSourcesBuildPhase section */
		BDFD57EF1FB79ABA00EFF794 /* Sources */ = {
			isa = PBXSourcesBuildPhase;
			buildActionMask = 2147483647;
			files = (
				BDFD57F91FB79ABA00EFF794 /* ViewController.swift in Sources */,
				BDFD57F71FB79ABA00EFF794 /* AppDelegate.swift in Sources */,
			);
			runOnlyForDeploymentPostprocessing = 0;
		};
		BDFD58031FB79ABA00EFF794 /* Sources */ = {
			isa = PBXSourcesBuildPhase;
			buildActionMask = 2147483647;
			files = (
				BDFD580C1FB79ABA00EFF794 /* scarlethackTests.swift in Sources */,
			);
			runOnlyForDeploymentPostprocessing = 0;
		};
		BDFD580E1FB79ABA00EFF794 /* Sources */ = {
			isa = PBXSourcesBuildPhase;
			buildActionMask = 2147483647;
			files = (
				BDFD58171FB79ABA00EFF794 /* scarlethackUITests.swift in Sources */,
			);
			runOnlyForDeploymentPostprocessing = 0;
		};
/* End PBXSourcesBuildPhase section */

/* Begin PBXTargetDependency section */
		BDFD58091FB79ABA00EFF794 /* PBXTargetDependency */ = {
			isa = PBXTargetDependency;
			target = BDFD57F21FB79ABA00EFF794 /* scarlethack */;
			targetProxy = BDFD58081FB79ABA00EFF794 /* PBXContainerItemProxy */;
		};
		BDFD58141FB79ABA00EFF794 /* PBXTargetDependency */ = {
			isa = PBXTargetDependency;
			target = BDFD57F21FB79ABA00EFF794 /* scarlethack */;
			targetProxy = BDFD58131FB79ABA00EFF794 /* PBXContainerItemProxy */;
		};
/* End PBXTargetDependency section */

/* Begin PBXVariantGroup section */
		BDFD57FA1FB79ABA00EFF794 /* Main.storyboard */ = {
			isa = PBXVariantGroup;
			children = (
				BDFD57FB1FB79ABA00EFF794 /* Base */,
			);
			name = Main.storyboard;
			sourceTree = "<group>";
		};
		BDFD57FF1FB79ABA00EFF794 /* LaunchScreen.storyboard */ = {
			isa = PBXVariantGroup;
			children = (
				BDFD58001FB79ABA00EFF794 /* Base */,
			);
			name = LaunchScreen.storyboard;
			sourceTree = "<group>";
		};
/* End PBXVariantGroup section */

/* Begin XCBuildConfiguration section */
		BDFD58191FB79ABA00EFF794 /* Debug */ = {
			isa = XCBuildConfiguration;
			buildSettings = {
				ALWAYS_SEARCH_USER_PATHS = NO;
				CLANG_ANALYZER_NONNULL = YES;
				CLANG_ANALYZER_NUMBER_OBJECT_CONVERSION = YES_AGGRESSIVE;
				CLANG_CXX_LANGUAGE_STANDARD = "gnu++14";
				CLANG_CXX_LIBRARY = "libc++";
				CLANG_ENABLE_MODULES = YES;
				CLANG_ENABLE_OBJC_ARC = YES;
				CLANG_WARN_BLOCK_CAPTURE_AUTORELEASING = YES;
				CLANG_WARN_BOOL_CONVERSION = YES;
				CLANG_WARN_COMMA = YES;
				CLANG_WARN_CONSTANT_CONVERSION = YES;
				CLANG_WARN_DIRECT_OBJC_ISA_USAGE = YES_ERROR;
				CLANG_WARN_DOCUMENTATION_COMMENTS = YES;
				CLANG_WARN_EMPTY_BODY = YES;
				CLANG_WARN_ENUM_CONVERSION = YES;
				CLANG_WARN_INFINITE_RECURSION = YES;
				CLANG_WARN_INT_CONVERSION = YES;
				CLANG_WARN_NON_LITERAL_NULL_CONVERSION = YES;
				CLANG_WARN_OBJC_LITERAL_CONVERSION = YES;
				CLANG_WARN_OBJC_ROOT_CLASS = YES_ERROR;
				CLANG_WARN_RANGE_LOOP_ANALYSIS = YES;
				CLANG_WARN_STRICT_PROTOTYPES = YES;
				CLANG_WARN_SUSPICIOUS_MOVE = YES;
				CLANG_WARN_UNGUARDED_AVAILABILITY = YES_AGGRESSIVE;
				CLANG_WARN_UNREACHABLE_CODE = YES;
				CLANG_WARN__DUPLICATE_METHOD_MATCH = YES;
				CODE_SIGN_IDENTITY = "iPhone Developer";
				COPY_PHASE_STRIP = NO;
				DEBUG_INFORMATION_FORMAT = dwarf;
				ENABLE_STRICT_OBJC_MSGSEND = YES;
				ENABLE_TESTABILITY = YES;
				GCC_C_LANGUAGE_STANDARD = gnu11;
				GCC_DYNAMIC_NO_PIC = NO;
				GCC_NO_COMMON_BLOCKS = YES;
				GCC_OPTIMIZATION_LEVEL = 0;
				GCC_PREPROCESSOR_DEFINITIONS = (
					"DEBUG=1",
					"$(inherited)",
				);
				GCC_WARN_64_TO_32_BIT_CONVERSION = YES;
				GCC_WARN_ABOUT_RETURN_TYPE = YES_ERROR;
				GCC_WARN_UNDECLARED_SELECTOR = YES;
				GCC_WARN_UNINITIALIZED_AUTOS = YES_AGGRESSIVE;
				GCC_WARN_UNUSED_FUNCTION = YES;
				GCC_WARN_UNUSED_VARIABLE = YES;
				IPHONEOS_DEPLOYMENT_TARGET = 11.1;
				MTL_ENABLE_DEBUG_INFO = YES;
				ONLY_ACTIVE_ARCH = YES;
				SDKROOT = iphoneos;
				SWIFT_ACTIVE_COMPILATION_CONDITIONS = DEBUG;
				SWIFT_OPTIMIZATION_LEVEL = "-Onone";
			};
			name = Debug;
		};
		BDFD581A1FB79ABA00EFF794 /* Release */ = {
			isa = XCBuildConfiguration;
			buildSettings = {
				ALWAYS_SEARCH_USER_PATHS = NO;
				CLANG_ANALYZER_NONNULL = YES;
				CLANG_ANALYZER_NUMBER_OBJECT_CONVERSION = YES_AGGRESSIVE;
				CLANG_CXX_LANGUAGE_STANDARD = "gnu++14";
				CLANG_CXX_LIBRARY = "libc++";
				CLANG_ENABLE_MODULES = YES;
				CLANG_ENABLE_OBJC_ARC = YES;
				CLANG_WARN_BLOCK_CAPTURE_AUTORELEASING = YES;
				CLANG_WARN_BOOL_CONVERSION = YES;
				CLANG_WARN_COMMA = YES;
				CLANG_WARN_CONSTANT_CONVERSION = YES;
				CLANG_WARN_DIRECT_OBJC_ISA_USAGE = YES_ERROR;
				CLANG_WARN_DOCUMENTATION_COMMENTS = YES;
				CLANG_WARN_EMPTY_BODY = YES;
				CLANG_WARN_ENUM_CONVERSION = YES;
				CLANG_WARN_INFINITE_RECURSION = YES;
				CLANG_WARN_INT_CONVERSION = YES;
				CLANG_WARN_NON_LITERAL_NULL_CONVERSION = YES;
				CLANG_WARN_OBJC_LITERAL_CONVERSION = YES;
				CLANG_WARN_OBJC_ROOT_CLASS = YES_ERROR;
				CLANG_WARN_RANGE_LOOP_ANALYSIS = YES;
				CLANG_WARN_STRICT_PROTOTYPES = YES;
				CLANG_WARN_SUSPICIOUS_MOVE = YES;
				CLANG_WARN_UNGUARDED_AVAILABILITY = YES_AGGRESSIVE;
				CLANG_WARN_UNREACHABLE_CODE = YES;
				CLANG_WARN__DUPLICATE_METHOD_MATCH = YES;
				CODE_SIGN_IDENTITY = "iPhone Developer";
				COPY_PHASE_STRIP = NO;
				DEBUG_INFORMATION_FORMAT = "dwarf-with-dsym";
				ENABLE_NS_ASSERTIONS = NO;
				ENABLE_STRICT_OBJC_MSGSEND = YES;
				GCC_C_LANGUAGE_STANDARD = gnu11;
				GCC_NO_COMMON_BLOCKS = YES;
				GCC_WARN_64_TO_32_BIT_CONVERSION = YES;
				GCC_WARN_ABOUT_RETURN_TYPE = YES_ERROR;
				GCC_WARN_UNDECLARED_SELECTOR = YES;
				GCC_WARN_UNINITIALIZED_AUTOS = YES_AGGRESSIVE;
				GCC_WARN_UNUSED_FUNCTION = YES;
				GCC_WARN_UNUSED_VARIABLE = YES;
				IPHONEOS_DEPLOYMENT_TARGET = 11.1;
				MTL_ENABLE_DEBUG_INFO = NO;
				SDKROOT = iphoneos;
				SWIFT_OPTIMIZATION_LEVEL = "-Owholemodule";
				VALIDATE_PRODUCT = YES;
			};
			name = Release;
		};
		BDFD581C1FB79ABA00EFF794 /* Debug */ = {
			isa = XCBuildConfiguration;
			baseConfigurationReference = 9A7351DDA3704D64C8B503E4 /* Pods-scarlethack.debug.xcconfig */;
			buildSettings = {
				ASSETCATALOG_COMPILER_APPICON_NAME = AppIcon;
				CODE_SIGN_STYLE = Automatic;
				INFOPLIST_FILE = scarlethack/Info.plist;
				IPHONEOS_DEPLOYMENT_TARGET = 10.3;
				LD_RUNPATH_SEARCH_PATHS = "$(inherited) @executable_path/Frameworks";
				PRODUCT_BUNDLE_IDENTIFIER = zb.scarlethack;
				PRODUCT_NAME = "$(TARGET_NAME)";
				SWIFT_VERSION = 4.0;
				TARGETED_DEVICE_FAMILY = "1,2";
			};
			name = Debug;
		};
		BDFD581D1FB79ABA00EFF794 /* Release */ = {
			isa = XCBuildConfiguration;
			baseConfigurationReference = 21ED543201D1BD157AF9042A /* Pods-scarlethack.release.xcconfig */;
			buildSettings = {
				ASSETCATALOG_COMPILER_APPICON_NAME = AppIcon;
				CODE_SIGN_STYLE = Automatic;
				INFOPLIST_FILE = scarlethack/Info.plist;
				IPHONEOS_DEPLOYMENT_TARGET = 10.3;
				LD_RUNPATH_SEARCH_PATHS = "$(inherited) @executable_path/Frameworks";
				PRODUCT_BUNDLE_IDENTIFIER = zb.scarlethack;
				PRODUCT_NAME = "$(TARGET_NAME)";
				SWIFT_VERSION = 4.0;
				TARGETED_DEVICE_FAMILY = "1,2";
			};
			name = Release;
		};
		BDFD581F1FB79ABA00EFF794 /* Debug */ = {
			isa = XCBuildConfiguration;
			baseConfigurationReference = 4C7843A1D7B40C7990849AC5 /* Pods-scarlethackTests.debug.xcconfig */;
			buildSettings = {
				ALWAYS_EMBED_SWIFT_STANDARD_LIBRARIES = YES;
				BUNDLE_LOADER = "$(TEST_HOST)";
				CODE_SIGN_STYLE = Automatic;
				INFOPLIST_FILE = scarlethackTests/Info.plist;
				LD_RUNPATH_SEARCH_PATHS = "$(inherited) @executable_path/Frameworks @loader_path/Frameworks";
				PRODUCT_BUNDLE_IDENTIFIER = zb.scarlethackTests;
				PRODUCT_NAME = "$(TARGET_NAME)";
				SWIFT_VERSION = 4.0;
				TARGETED_DEVICE_FAMILY = "1,2";
				TEST_HOST = "$(BUILT_PRODUCTS_DIR)/scarlethack.app/scarlethack";
			};
			name = Debug;
		};
		BDFD58201FB79ABA00EFF794 /* Release */ = {
			isa = XCBuildConfiguration;
			baseConfigurationReference = 0CA053355F074AE6E88906AC /* Pods-scarlethackTests.release.xcconfig */;
			buildSettings = {
				ALWAYS_EMBED_SWIFT_STANDARD_LIBRARIES = YES;
				BUNDLE_LOADER = "$(TEST_HOST)";
				CODE_SIGN_STYLE = Automatic;
				INFOPLIST_FILE = scarlethackTests/Info.plist;
				LD_RUNPATH_SEARCH_PATHS = "$(inherited) @executable_path/Frameworks @loader_path/Frameworks";
				PRODUCT_BUNDLE_IDENTIFIER = zb.scarlethackTests;
				PRODUCT_NAME = "$(TARGET_NAME)";
				SWIFT_VERSION = 4.0;
				TARGETED_DEVICE_FAMILY = "1,2";
				TEST_HOST = "$(BUILT_PRODUCTS_DIR)/scarlethack.app/scarlethack";
			};
			name = Release;
		};
		BDFD58221FB79ABA00EFF794 /* Debug */ = {
			isa = XCBuildConfiguration;
			baseConfigurationReference = E9A1275FC03415775BE74284 /* Pods-scarlethackUITests.debug.xcconfig */;
			buildSettings = {
				ALWAYS_EMBED_SWIFT_STANDARD_LIBRARIES = YES;
				CODE_SIGN_STYLE = Automatic;
				INFOPLIST_FILE = scarlethackUITests/Info.plist;
				LD_RUNPATH_SEARCH_PATHS = "$(inherited) @executable_path/Frameworks @loader_path/Frameworks";
				PRODUCT_BUNDLE_IDENTIFIER = zb.scarlethackUITests;
				PRODUCT_NAME = "$(TARGET_NAME)";
				SWIFT_VERSION = 4.0;
				TARGETED_DEVICE_FAMILY = "1,2";
				TEST_TARGET_NAME = scarlethack;
			};
			name = Debug;
		};
		BDFD58231FB79ABA00EFF794 /* Release */ = {
			isa = XCBuildConfiguration;
			baseConfigurationReference = A15623010E825BA774421032 /* Pods-scarlethackUITests.release.xcconfig */;
			buildSettings = {
				ALWAYS_EMBED_SWIFT_STANDARD_LIBRARIES = YES;
				CODE_SIGN_STYLE = Automatic;
				INFOPLIST_FILE = scarlethackUITests/Info.plist;
				LD_RUNPATH_SEARCH_PATHS = "$(inherited) @executable_path/Frameworks @loader_path/Frameworks";
				PRODUCT_BUNDLE_IDENTIFIER = zb.scarlethackUITests;
				PRODUCT_NAME = "$(TARGET_NAME)";
				SWIFT_VERSION = 4.0;
				TARGETED_DEVICE_FAMILY = "1,2";
				TEST_TARGET_NAME = scarlethack;
			};
			name = Release;
		};
/* End XCBuildConfiguration section */

/* Begin XCConfigurationList section */
		BDFD57EE1FB79ABA00EFF794 /* Build configuration list for PBXProject "scarlethack" */ = {
			isa = XCConfigurationList;
			buildConfigurations = (
				BDFD58191FB79ABA00EFF794 /* Debug */,
				BDFD581A1FB79ABA00EFF794 /* Release */,
			);
			defaultConfigurationIsVisible = 0;
			defaultConfigurationName = Release;
		};
		BDFD581B1FB79ABA00EFF794 /* Build configuration list for PBXNativeTarget "scarlethack" */ = {
			isa = XCConfigurationList;
			buildConfigurations = (
				BDFD581C1FB79ABA00EFF794 /* Debug */,
				BDFD581D1FB79ABA00EFF794 /* Release */,
			);
			defaultConfigurationIsVisible = 0;
			defaultConfigurationName = Release;
		};
		BDFD581E1FB79ABA00EFF794 /* Build configuration list for PBXNativeTarget "scarlethackTests" */ = {
			isa = XCConfigurationList;
			buildConfigurations = (
				BDFD581F1FB79ABA00EFF794 /* Debug */,
				BDFD58201FB79ABA00EFF794 /* Release */,
			);
			defaultConfigurationIsVisible = 0;
			defaultConfigurationName = Release;
		};
		BDFD58211FB79ABA00EFF794 /* Build configuration list for PBXNativeTarget "scarlethackUITests" */ = {
			isa = XCConfigurationList;
			buildConfigurations = (
				BDFD58221FB79ABA00EFF794 /* Debug */,
				BDFD58231FB79ABA00EFF794 /* Release */,
			);
			defaultConfigurationIsVisible = 0;
			defaultConfigurationName = Release;
		};
/* End XCConfigurationList section */
	};
	rootObject = BDFD57EB1FB79ABA00EFF794 /* Project object */;
}
